// !$*UTF8*$!
{
	archiveVersion = 1;
	classes = {
	};
	objectVersion = 50;
	objects = {

/* Begin PBXBuildFile section */
		152F01292264DEB10022AB9B /* TestFramework.framework in Frameworks */ = {isa = PBXBuildFile; fileRef = 152F011F2264DEB00022AB9B /* TestFramework.framework */; };
		152F012E2264DEB10022AB9B /* TestFrameworkTests.swift in Sources */ = {isa = PBXBuildFile; fileRef = 152F012D2264DEB10022AB9B /* TestFrameworkTests.swift */; };
		152F01302264DEB10022AB9B /* TestFramework.h in Headers */ = {isa = PBXBuildFile; fileRef = 152F01222264DEB00022AB9B /* TestFramework.h */; settings = {ATTRIBUTES = (Public, ); }; };
		152F01402264DF650022AB9B /* AppDelegate.swift in Sources */ = {isa = PBXBuildFile; fileRef = 152F013F2264DF650022AB9B /* AppDelegate.swift */; };
		152F01422264DF650022AB9B /* ViewController.swift in Sources */ = {isa = PBXBuildFile; fileRef = 152F01412264DF650022AB9B /* ViewController.swift */; };
		152F01452264DF650022AB9B /* Main.storyboard in Resources */ = {isa = PBXBuildFile; fileRef = 152F01432264DF650022AB9B /* Main.storyboard */; };
		152F01472264DF6C0022AB9B /* Assets.xcassets in Resources */ = {isa = PBXBuildFile; fileRef = 152F01462264DF6C0022AB9B /* Assets.xcassets */; };
		152F014A2264DF6C0022AB9B /* LaunchScreen.storyboard in Resources */ = {isa = PBXBuildFile; fileRef = 152F01482264DF6C0022AB9B /* LaunchScreen.storyboard */; };
		152F01552264DF6D0022AB9B /* Test_AppTests.swift in Sources */ = {isa = PBXBuildFile; fileRef = 152F01542264DF6D0022AB9B /* Test_AppTests.swift */; };
		152F018C2264E3610022AB9B /* Bonjour.swift in Sources */ = {isa = PBXBuildFile; fileRef = 152F018B2264E3610022AB9B /* Bonjour.swift */; };
/* End PBXBuildFile section */

/* Begin PBXContainerItemProxy section */
		152F012A2264DEB10022AB9B /* PBXContainerItemProxy */ = {
			isa = PBXContainerItemProxy;
			containerPortal = 152F01162264DEB00022AB9B /* Project object */;
			proxyType = 1;
			remoteGlobalIDString = 152F011E2264DEB00022AB9B;
			remoteInfo = TestFramework;
		};
		152F01512264DF6D0022AB9B /* PBXContainerItemProxy */ = {
			isa = PBXContainerItemProxy;
			containerPortal = 152F01162264DEB00022AB9B /* Project object */;
			proxyType = 1;
			remoteGlobalIDString = 152F013C2264DF650022AB9B;
			remoteInfo = "Test App";
		};
		152F015D2264DF860022AB9B /* PBXContainerItemProxy */ = {
			isa = PBXContainerItemProxy;
			containerPortal = 152F01162264DEB00022AB9B /* Project object */;
			proxyType = 1;
			remoteGlobalIDString = 152F011E2264DEB00022AB9B;
			remoteInfo = TestFramework;
		};
/* End PBXContainerItemProxy section */

/* Begin PBXFileReference section */
		152F011F2264DEB00022AB9B /* TestFramework.framework */ = {isa = PBXFileReference; explicitFileType = wrapper.framework; includeInIndex = 0; path = TestFramework.framework; sourceTree = BUILT_PRODUCTS_DIR; };
		152F01222264DEB00022AB9B /* TestFramework.h */ = {isa = PBXFileReference; lastKnownFileType = sourcecode.c.h; path = TestFramework.h; sourceTree = "<group>"; };
		152F01232264DEB00022AB9B /* Info.plist */ = {isa = PBXFileReference; lastKnownFileType = text.plist.xml; path = Info.plist; sourceTree = "<group>"; };
		152F01282264DEB10022AB9B /* TestFrameworkTests.xctest */ = {isa = PBXFileReference; explicitFileType = wrapper.cfbundle; includeInIndex = 0; path = TestFrameworkTests.xctest; sourceTree = BUILT_PRODUCTS_DIR; };
		152F012D2264DEB10022AB9B /* TestFrameworkTests.swift */ = {isa = PBXFileReference; lastKnownFileType = sourcecode.swift; path = TestFrameworkTests.swift; sourceTree = "<group>"; };
		152F012F2264DEB10022AB9B /* Info.plist */ = {isa = PBXFileReference; lastKnownFileType = text.plist.xml; path = Info.plist; sourceTree = "<group>"; };
		152F013D2264DF650022AB9B /* Test App.app */ = {isa = PBXFileReference; explicitFileType = wrapper.application; includeInIndex = 0; path = "Test App.app"; sourceTree = BUILT_PRODUCTS_DIR; };
		152F013F2264DF650022AB9B /* AppDelegate.swift */ = {isa = PBXFileReference; lastKnownFileType = sourcecode.swift; path = AppDelegate.swift; sourceTree = "<group>"; };
		152F01412264DF650022AB9B /* ViewController.swift */ = {isa = PBXFileReference; lastKnownFileType = sourcecode.swift; path = ViewController.swift; sourceTree = "<group>"; };
		152F01442264DF650022AB9B /* Base */ = {isa = PBXFileReference; lastKnownFileType = file.storyboard; name = Base; path = Base.lproj/Main.storyboard; sourceTree = "<group>"; };
		152F01462264DF6C0022AB9B /* Assets.xcassets */ = {isa = PBXFileReference; lastKnownFileType = folder.assetcatalog; path = Assets.xcassets; sourceTree = "<group>"; };
		152F01492264DF6C0022AB9B /* Base */ = {isa = PBXFileReference; lastKnownFileType = file.storyboard; name = Base; path = Base.lproj/LaunchScreen.storyboard; sourceTree = "<group>"; };
		152F014B2264DF6C0022AB9B /* Info.plist */ = {isa = PBXFileReference; lastKnownFileType = text.plist.xml; path = Info.plist; sourceTree = "<group>"; };
		152F01502264DF6D0022AB9B /* Test AppTests.xctest */ = {isa = PBXFileReference; explicitFileType = wrapper.cfbundle; includeInIndex = 0; path = "Test AppTests.xctest"; sourceTree = BUILT_PRODUCTS_DIR; };
		152F01542264DF6D0022AB9B /* Test_AppTests.swift */ = {isa = PBXFileReference; lastKnownFileType = sourcecode.swift; path = Test_AppTests.swift; sourceTree = "<group>"; };
		152F01562264DF6D0022AB9B /* Info.plist */ = {isa = PBXFileReference; lastKnownFileType = text.plist.xml; path = Info.plist; sourceTree = "<group>"; };
		152F018B2264E3610022AB9B /* Bonjour.swift */ = {isa = PBXFileReference; lastKnownFileType = sourcecode.swift; path = Bonjour.swift; sourceTree = "<group>"; };
/* End PBXFileReference section */

/* Begin PBXFrameworksBuildPhase section */
		152F011C2264DEB00022AB9B /* Frameworks */ = {
			isa = PBXFrameworksBuildPhase;
			buildActionMask = 2147483647;
			files = (
			);
			runOnlyForDeploymentPostprocessing = 0;
		};
		152F01252264DEB10022AB9B /* Frameworks */ = {
			isa = PBXFrameworksBuildPhase;
			buildActionMask = 2147483647;
			files = (
				152F01292264DEB10022AB9B /* TestFramework.framework in Frameworks */,
			);
			runOnlyForDeploymentPostprocessing = 0;
		};
		152F013A2264DF650022AB9B /* Frameworks */ = {
			isa = PBXFrameworksBuildPhase;
			buildActionMask = 2147483647;
			files = (
			);
			runOnlyForDeploymentPostprocessing = 0;
		};
		152F014D2264DF6D0022AB9B /* Frameworks */ = {
			isa = PBXFrameworksBuildPhase;
			buildActionMask = 2147483647;
			files = (
			);
			runOnlyForDeploymentPostprocessing = 0;
		};
/* End PBXFrameworksBuildPhase section */

/* Begin PBXGroup section */
		152F01152264DEB00022AB9B = {
			isa = PBXGroup;
			children = (
				152F01212264DEB00022AB9B /* TestFramework */,
				152F012C2264DEB10022AB9B /* TestFrameworkTests */,
				152F013E2264DF650022AB9B /* Test App */,
				152F01532264DF6D0022AB9B /* Test AppTests */,
				152F01202264DEB00022AB9B /* Products */,
			);
			sourceTree = "<group>";
		};
		152F01202264DEB00022AB9B /* Products */ = {
			isa = PBXGroup;
			children = (
				152F011F2264DEB00022AB9B /* TestFramework.framework */,
				152F01282264DEB10022AB9B /* TestFrameworkTests.xctest */,
				152F013D2264DF650022AB9B /* Test App.app */,
				152F01502264DF6D0022AB9B /* Test AppTests.xctest */,
			);
			name = Products;
			sourceTree = "<group>";
		};
		152F01212264DEB00022AB9B /* TestFramework */ = {
			isa = PBXGroup;
			children = (
				152F01222264DEB00022AB9B /* TestFramework.h */,
				152F01232264DEB00022AB9B /* Info.plist */,
				152F018B2264E3610022AB9B /* Bonjour.swift */,
			);
			path = TestFramework;
			sourceTree = "<group>";
		};
		152F012C2264DEB10022AB9B /* TestFrameworkTests */ = {
			isa = PBXGroup;
			children = (
				152F012D2264DEB10022AB9B /* TestFrameworkTests.swift */,
				152F012F2264DEB10022AB9B /* Info.plist */,
			);
			path = TestFrameworkTests;
			sourceTree = "<group>";
		};
		152F013E2264DF650022AB9B /* Test App */ = {
			isa = PBXGroup;
			children = (
				152F013F2264DF650022AB9B /* AppDelegate.swift */,
				152F01412264DF650022AB9B /* ViewController.swift */,
				152F01432264DF650022AB9B /* Main.storyboard */,
				152F01462264DF6C0022AB9B /* Assets.xcassets */,
				152F01482264DF6C0022AB9B /* LaunchScreen.storyboard */,
				152F014B2264DF6C0022AB9B /* Info.plist */,
			);
			path = "Test App";
			sourceTree = "<group>";
		};
		152F01532264DF6D0022AB9B /* Test AppTests */ = {
			isa = PBXGroup;
			children = (
				152F01542264DF6D0022AB9B /* Test_AppTests.swift */,
				152F01562264DF6D0022AB9B /* Info.plist */,
			);
			path = "Test AppTests";
			sourceTree = "<group>";
		};
/* End PBXGroup section */

/* Begin PBXHeadersBuildPhase section */
		152F011A2264DEB00022AB9B /* Headers */ = {
			isa = PBXHeadersBuildPhase;
			buildActionMask = 2147483647;
			files = (
				152F01302264DEB10022AB9B /* TestFramework.h in Headers */,
			);
			runOnlyForDeploymentPostprocessing = 0;
		};
/* End PBXHeadersBuildPhase section */

/* Begin PBXNativeTarget section */
		152F011E2264DEB00022AB9B /* TestFramework */ = {
			isa = PBXNativeTarget;
			buildConfigurationList = 152F01332264DEB10022AB9B /* Build configuration list for PBXNativeTarget "TestFramework" */;
			buildPhases = (
				152F011A2264DEB00022AB9B /* Headers */,
				152F011B2264DEB00022AB9B /* Sources */,
				152F011C2264DEB00022AB9B /* Frameworks */,
				152F011D2264DEB00022AB9B /* Resources */,
			);
			buildRules = (
			);
			dependencies = (
			);
			name = TestFramework;
			productName = TestFramework;
			productReference = 152F011F2264DEB00022AB9B /* TestFramework.framework */;
			productType = "com.apple.product-type.framework";
		};
		152F01272264DEB10022AB9B /* TestFrameworkTests */ = {
			isa = PBXNativeTarget;
			buildConfigurationList = 152F01362264DEB10022AB9B /* Build configuration list for PBXNativeTarget "TestFrameworkTests" */;
			buildPhases = (
				152F01242264DEB10022AB9B /* Sources */,
				152F01252264DEB10022AB9B /* Frameworks */,
				152F01262264DEB10022AB9B /* Resources */,
			);
			buildRules = (
			);
			dependencies = (
				152F012B2264DEB10022AB9B /* PBXTargetDependency */,
			);
			name = TestFrameworkTests;
			productName = TestFrameworkTests;
			productReference = 152F01282264DEB10022AB9B /* TestFrameworkTests.xctest */;
			productType = "com.apple.product-type.bundle.unit-test";
		};
		152F013C2264DF650022AB9B /* Test App */ = {
			isa = PBXNativeTarget;
			buildConfigurationList = 152F01572264DF6D0022AB9B /* Build configuration list for PBXNativeTarget "Test App" */;
			buildPhases = (
				152F01392264DF650022AB9B /* Sources */,
				152F013A2264DF650022AB9B /* Frameworks */,
				152F013B2264DF650022AB9B /* Resources */,
			);
			buildRules = (
			);
			dependencies = (
				152F015E2264DF860022AB9B /* PBXTargetDependency */,
			);
			name = "Test App";
			productName = "Test App";
			productReference = 152F013D2264DF650022AB9B /* Test App.app */;
			productType = "com.apple.product-type.application";
		};
		152F014F2264DF6D0022AB9B /* Test AppTests */ = {
			isa = PBXNativeTarget;
			buildConfigurationList = 152F015A2264DF6D0022AB9B /* Build configuration list for PBXNativeTarget "Test AppTests" */;
			buildPhases = (
				152F014C2264DF6D0022AB9B /* Sources */,
				152F014D2264DF6D0022AB9B /* Frameworks */,
				152F014E2264DF6D0022AB9B /* Resources */,
			);
			buildRules = (
			);
			dependencies = (
				152F01522264DF6D0022AB9B /* PBXTargetDependency */,
			);
			name = "Test AppTests";
			productName = "Test AppTests";
			productReference = 152F01502264DF6D0022AB9B /* Test AppTests.xctest */;
			productType = "com.apple.product-type.bundle.unit-test";
		};
/* End PBXNativeTarget section */

/* Begin PBXProject section */
		152F01162264DEB00022AB9B /* Project object */ = {
			isa = PBXProject;
			attributes = {
				LastSwiftUpdateCheck = 1020;
				LastUpgradeCheck = 1020;
				ORGANIZATIONNAME = "Unique Entertainment Experience";
				TargetAttributes = {
					152F011E2264DEB00022AB9B = {
						CreatedOnToolsVersion = 10.2;
						LastSwiftMigration = 1020;
					};
					152F01272264DEB10022AB9B = {
						CreatedOnToolsVersion = 10.2;
					};
					152F013C2264DF650022AB9B = {
						CreatedOnToolsVersion = 10.2;
					};
					152F014F2264DF6D0022AB9B = {
						CreatedOnToolsVersion = 10.2;
						TestTargetID = 152F013C2264DF650022AB9B;
					};
				};
			};
			buildConfigurationList = 152F01192264DEB00022AB9B /* Build configuration list for PBXProject "TestFramework" */;
			compatibilityVersion = "Xcode 9.3";
			developmentRegion = en;
			hasScannedForEncodings = 0;
			knownRegions = (
				en,
				Base,
			);
			mainGroup = 152F01152264DEB00022AB9B;
			productRefGroup = 152F01202264DEB00022AB9B /* Products */;
			projectDirPath = "";
			projectRoot = "";
			targets = (
				152F011E2264DEB00022AB9B /* TestFramework */,
				152F01272264DEB10022AB9B /* TestFrameworkTests */,
				152F013C2264DF650022AB9B /* Test App */,
				152F014F2264DF6D0022AB9B /* Test AppTests */,
			);
		};
/* End PBXProject section */

/* Begin PBXResourcesBuildPhase section */
		152F011D2264DEB00022AB9B /* Resources */ = {
			isa = PBXResourcesBuildPhase;
			buildActionMask = 2147483647;
			files = (
			);
			runOnlyForDeploymentPostprocessing = 0;
		};
		152F01262264DEB10022AB9B /* Resources */ = {
			isa = PBXResourcesBuildPhase;
			buildActionMask = 2147483647;
			files = (
			);
			runOnlyForDeploymentPostprocessing = 0;
		};
		152F013B2264DF650022AB9B /* Resources */ = {
			isa = PBXResourcesBuildPhase;
			buildActionMask = 2147483647;
			files = (
				152F014A2264DF6C0022AB9B /* LaunchScreen.storyboard in Resources */,
				152F01472264DF6C0022AB9B /* Assets.xcassets in Resources */,
				152F01452264DF650022AB9B /* Main.storyboard in Resources */,
			);
			runOnlyForDeploymentPostprocessing = 0;
		};
		152F014E2264DF6D0022AB9B /* Resources */ = {
			isa = PBXResourcesBuildPhase;
			buildActionMask = 2147483647;
			files = (
			);
			runOnlyForDeploymentPostprocessing = 0;
		};
/* End PBXResourcesBuildPhase section */

/* Begin PBXSourcesBuildPhase section */
		152F011B2264DEB00022AB9B /* Sources */ = {
			isa = PBXSourcesBuildPhase;
			buildActionMask = 2147483647;
			files = (
				152F018C2264E3610022AB9B /* Bonjour.swift in Sources */,
			);
			runOnlyForDeploymentPostprocessing = 0;
		};
		152F01242264DEB10022AB9B /* Sources */ = {
			isa = PBXSourcesBuildPhase;
			buildActionMask = 2147483647;
			files = (
				152F012E2264DEB10022AB9B /* TestFrameworkTests.swift in Sources */,
			);
			runOnlyForDeploymentPostprocessing = 0;
		};
		152F01392264DF650022AB9B /* Sources */ = {
			isa = PBXSourcesBuildPhase;
			buildActionMask = 2147483647;
			files = (
				152F01422264DF650022AB9B /* ViewController.swift in Sources */,
				152F01402264DF650022AB9B /* AppDelegate.swift in Sources */,
			);
			runOnlyForDeploymentPostprocessing = 0;
		};
		152F014C2264DF6D0022AB9B /* Sources */ = {
			isa = PBXSourcesBuildPhase;
			buildActionMask = 2147483647;
			files = (
				152F01552264DF6D0022AB9B /* Test_AppTests.swift in Sources */,
			);
			runOnlyForDeploymentPostprocessing = 0;
		};
/* End PBXSourcesBuildPhase section */

/* Begin PBXTargetDependency section */
		152F012B2264DEB10022AB9B /* PBXTargetDependency */ = {
			isa = PBXTargetDependency;
			target = 152F011E2264DEB00022AB9B /* TestFramework */;
			targetProxy = 152F012A2264DEB10022AB9B /* PBXContainerItemProxy */;
		};
		152F01522264DF6D0022AB9B /* PBXTargetDependency */ = {
			isa = PBXTargetDependency;
			target = 152F013C2264DF650022AB9B /* Test App */;
			targetProxy = 152F01512264DF6D0022AB9B /* PBXContainerItemProxy */;
		};
		152F015E2264DF860022AB9B /* PBXTargetDependency */ = {
			isa = PBXTargetDependency;
			target = 152F011E2264DEB00022AB9B /* TestFramework */;
			targetProxy = 152F015D2264DF860022AB9B /* PBXContainerItemProxy */;
		};
/* End PBXTargetDependency section */

/* Begin PBXVariantGroup section */
		152F01432264DF650022AB9B /* Main.storyboard */ = {
			isa = PBXVariantGroup;
			children = (
				152F01442264DF650022AB9B /* Base */,
			);
			name = Main.storyboard;
			sourceTree = "<group>";
		};
		152F01482264DF6C0022AB9B /* LaunchScreen.storyboard */ = {
			isa = PBXVariantGroup;
			children = (
				152F01492264DF6C0022AB9B /* Base */,
			);
			name = LaunchScreen.storyboard;
			sourceTree = "<group>";
		};
/* End PBXVariantGroup section */

/* Begin XCBuildConfiguration section */
		152F01312264DEB10022AB9B /* Debug */ = {
			isa = XCBuildConfiguration;
			buildSettings = {
				ALWAYS_SEARCH_USER_PATHS = NO;
				CLANG_ANALYZER_NONNULL = YES;
				CLANG_ANALYZER_NUMBER_OBJECT_CONVERSION = YES_AGGRESSIVE;
				CLANG_CXX_LANGUAGE_STANDARD = "gnu++14";
				CLANG_CXX_LIBRARY = "libc++";
				CLANG_ENABLE_MODULES = YES;
				CLANG_ENABLE_OBJC_ARC = YES;
				CLANG_ENABLE_OBJC_WEAK = YES;
				CLANG_WARN_BLOCK_CAPTURE_AUTORELEASING = YES;
				CLANG_WARN_BOOL_CONVERSION = YES;
				CLANG_WARN_COMMA = YES;
				CLANG_WARN_CONSTANT_CONVERSION = YES;
				CLANG_WARN_DEPRECATED_OBJC_IMPLEMENTATIONS = YES;
				CLANG_WARN_DIRECT_OBJC_ISA_USAGE = YES_ERROR;
				CLANG_WARN_DOCUMENTATION_COMMENTS = YES;
				CLANG_WARN_EMPTY_BODY = YES;
				CLANG_WARN_ENUM_CONVERSION = YES;
				CLANG_WARN_INFINITE_RECURSION = YES;
				CLANG_WARN_INT_CONVERSION = YES;
				CLANG_WARN_NON_LITERAL_NULL_CONVERSION = YES;
				CLANG_WARN_OBJC_IMPLICIT_RETAIN_SELF = YES;
				CLANG_WARN_OBJC_LITERAL_CONVERSION = YES;
				CLANG_WARN_OBJC_ROOT_CLASS = YES_ERROR;
				CLANG_WARN_RANGE_LOOP_ANALYSIS = YES;
				CLANG_WARN_STRICT_PROTOTYPES = YES;
				CLANG_WARN_SUSPICIOUS_MOVE = YES;
				CLANG_WARN_UNGUARDED_AVAILABILITY = YES_AGGRESSIVE;
				CLANG_WARN_UNREACHABLE_CODE = YES;
				CLANG_WARN__DUPLICATE_METHOD_MATCH = YES;
				CODE_SIGN_IDENTITY = "iPhone Developer";
				COPY_PHASE_STRIP = NO;
				CURRENT_PROJECT_VERSION = 1;
				DEBUG_INFORMATION_FORMAT = dwarf;
				ENABLE_STRICT_OBJC_MSGSEND = YES;
				ENABLE_TESTABILITY = YES;
				GCC_C_LANGUAGE_STANDARD = gnu11;
				GCC_DYNAMIC_NO_PIC = NO;
				GCC_NO_COMMON_BLOCKS = YES;
				GCC_OPTIMIZATION_LEVEL = 0;
				GCC_PREPROCESSOR_DEFINITIONS = (
					"DEBUG=1",
					"$(inherited)",
				);
				GCC_WARN_64_TO_32_BIT_CONVERSION = YES;
				GCC_WARN_ABOUT_RETURN_TYPE = YES_ERROR;
				GCC_WARN_UNDECLARED_SELECTOR = YES;
				GCC_WARN_UNINITIALIZED_AUTOS = YES_AGGRESSIVE;
				GCC_WARN_UNUSED_FUNCTION = YES;
				GCC_WARN_UNUSED_VARIABLE = YES;
				IPHONEOS_DEPLOYMENT_TARGET = 12.2;
				MTL_ENABLE_DEBUG_INFO = INCLUDE_SOURCE;
				MTL_FAST_MATH = YES;
				ONLY_ACTIVE_ARCH = YES;
				SDKROOT = iphoneos;
				SWIFT_ACTIVE_COMPILATION_CONDITIONS = DEBUG;
				SWIFT_OPTIMIZATION_LEVEL = "-Onone";
				VERSIONING_SYSTEM = "apple-generic";
				VERSION_INFO_PREFIX = "";
			};
			name = Debug;
		};
		152F01322264DEB10022AB9B /* Release */ = {
			isa = XCBuildConfiguration;
			buildSettings = {
				ALWAYS_SEARCH_USER_PATHS = NO;
				CLANG_ANALYZER_NONNULL = YES;
				CLANG_ANALYZER_NUMBER_OBJECT_CONVERSION = YES_AGGRESSIVE;
				CLANG_CXX_LANGUAGE_STANDARD = "gnu++14";
				CLANG_CXX_LIBRARY = "libc++";
				CLANG_ENABLE_MODULES = YES;
				CLANG_ENABLE_OBJC_ARC = YES;
				CLANG_ENABLE_OBJC_WEAK = YES;
				CLANG_WARN_BLOCK_CAPTURE_AUTORELEASING = YES;
				CLANG_WARN_BOOL_CONVERSION = YES;
				CLANG_WARN_COMMA = YES;
				CLANG_WARN_CONSTANT_CONVERSION = YES;
				CLANG_WARN_DEPRECATED_OBJC_IMPLEMENTATIONS = YES;
				CLANG_WARN_DIRECT_OBJC_ISA_USAGE = YES_ERROR;
				CLANG_WARN_DOCUMENTATION_COMMENTS = YES;
				CLANG_WARN_EMPTY_BODY = YES;
				CLANG_WARN_ENUM_CONVERSION = YES;
				CLANG_WARN_INFINITE_RECURSION = YES;
				CLANG_WARN_INT_CONVERSION = YES;
				CLANG_WARN_NON_LITERAL_NULL_CONVERSION = YES;
				CLANG_WARN_OBJC_IMPLICIT_RETAIN_SELF = YES;
				CLANG_WARN_OBJC_LITERAL_CONVERSION = YES;
				CLANG_WARN_OBJC_ROOT_CLASS = YES_ERROR;
				CLANG_WARN_RANGE_LOOP_ANALYSIS = YES;
				CLANG_WARN_STRICT_PROTOTYPES = YES;
				CLANG_WARN_SUSPICIOUS_MOVE = YES;
				CLANG_WARN_UNGUARDED_AVAILABILITY = YES_AGGRESSIVE;
				CLANG_WARN_UNREACHABLE_CODE = YES;
				CLANG_WARN__DUPLICATE_METHOD_MATCH = YES;
				CODE_SIGN_IDENTITY = "iPhone Developer";
				COPY_PHASE_STRIP = NO;
				CURRENT_PROJECT_VERSION = 1;
				DEBUG_INFORMATION_FORMAT = "dwarf-with-dsym";
				ENABLE_NS_ASSERTIONS = NO;
				ENABLE_STRICT_OBJC_MSGSEND = YES;
				GCC_C_LANGUAGE_STANDARD = gnu11;
				GCC_NO_COMMON_BLOCKS = YES;
				GCC_WARN_64_TO_32_BIT_CONVERSION = YES;
				GCC_WARN_ABOUT_RETURN_TYPE = YES_ERROR;
				GCC_WARN_UNDECLARED_SELECTOR = YES;
				GCC_WARN_UNINITIALIZED_AUTOS = YES_AGGRESSIVE;
				GCC_WARN_UNUSED_FUNCTION = YES;
				GCC_WARN_UNUSED_VARIABLE = YES;
				IPHONEOS_DEPLOYMENT_TARGET = 12.2;
				MTL_ENABLE_DEBUG_INFO = NO;
				MTL_FAST_MATH = YES;
				SDKROOT = iphoneos;
				SWIFT_COMPILATION_MODE = wholemodule;
				SWIFT_OPTIMIZATION_LEVEL = "-O";
				VALIDATE_PRODUCT = YES;
				VERSIONING_SYSTEM = "apple-generic";
				VERSION_INFO_PREFIX = "";
			};
			name = Release;
		};
		152F01342264DEB10022AB9B /* Debug */ = {
			isa = XCBuildConfiguration;
			buildSettings = {
				CLANG_ENABLE_MODULES = YES;
				CODE_SIGN_IDENTITY = "";
				CODE_SIGN_STYLE = Automatic;
				DEFINES_MODULE = YES;
				DEVELOPMENT_TEAM = 9SNSJSP5Z2;
				DYLIB_COMPATIBILITY_VERSION = 1;
				DYLIB_CURRENT_VERSION = 1;
				DYLIB_INSTALL_NAME_BASE = "@rpath";
				INFOPLIST_FILE = TestFramework/Info.plist;
				INSTALL_PATH = "$(LOCAL_LIBRARY_DIR)/Frameworks";
				IPHONEOS_DEPLOYMENT_TARGET = 12.0;
				LD_RUNPATH_SEARCH_PATHS = (
					"$(inherited)",
					"@executable_path/Frameworks",
					"@loader_path/Frameworks",
				);
				PRODUCT_BUNDLE_IDENTIFIER = show.gust.TestFramework;
				PRODUCT_NAME = "$(TARGET_NAME:c99extidentifier)";
				SKIP_INSTALL = YES;
				SWIFT_OPTIMIZATION_LEVEL = "-Onone";
				SWIFT_VERSION = 5.0;
				TARGETED_DEVICE_FAMILY = "1,2";
			};
			name = Debug;
		};
		152F01352264DEB10022AB9B /* Release */ = {
			isa = XCBuildConfiguration;
			buildSettings = {
				CLANG_ENABLE_MODULES = YES;
				CODE_SIGN_IDENTITY = "";
				CODE_SIGN_STYLE = Automatic;
				DEFINES_MODULE = YES;
				DEVELOPMENT_TEAM = 9SNSJSP5Z2;
				DYLIB_COMPATIBILITY_VERSION = 1;
				DYLIB_CURRENT_VERSION = 1;
				DYLIB_INSTALL_NAME_BASE = "@rpath";
				INFOPLIST_FILE = TestFramework/Info.plist;
				INSTALL_PATH = "$(LOCAL_LIBRARY_DIR)/Frameworks";
				IPHONEOS_DEPLOYMENT_TARGET = 12.0;
				LD_RUNPATH_SEARCH_PATHS = (
					"$(inherited)",
					"@executable_path/Frameworks",
					"@loader_path/Frameworks",
				);
				PRODUCT_BUNDLE_IDENTIFIER = show.gust.TestFramework;
				PRODUCT_NAME = "$(TARGET_NAME:c99extidentifier)";
				SKIP_INSTALL = YES;
				SWIFT_VERSION = 5.0;
				TARGETED_DEVICE_FAMILY = "1,2";
			};
			name = Release;
		};
		152F01372264DEB10022AB9B /* Debug */ = {
			isa = XCBuildConfiguration;
			buildSettings = {
				ALWAYS_EMBED_SWIFT_STANDARD_LIBRARIES = YES;
				CODE_SIGN_STYLE = Automatic;
				DEVELOPMENT_TEAM = 9SNSJSP5Z2;
				INFOPLIST_FILE = TestFrameworkTests/Info.plist;
				LD_RUNPATH_SEARCH_PATHS = (
					"$(inherited)",
					"@executable_path/Frameworks",
					"@loader_path/Frameworks",
				);
				PRODUCT_BUNDLE_IDENTIFIER = show.gust.TestFrameworkTests;
				PRODUCT_NAME = "$(TARGET_NAME)";
				SWIFT_VERSION = 5.0;
				TARGETED_DEVICE_FAMILY = "1,2";
			};
			name = Debug;
		};
		152F01382264DEB10022AB9B /* Release */ = {
			isa = XCBuildConfiguration;
			buildSettings = {
				ALWAYS_EMBED_SWIFT_STANDARD_LIBRARIES = YES;
				CODE_SIGN_STYLE = Automatic;
				DEVELOPMENT_TEAM = 9SNSJSP5Z2;
				INFOPLIST_FILE = TestFrameworkTests/Info.plist;
				LD_RUNPATH_SEARCH_PATHS = (
					"$(inherited)",
					"@executable_path/Frameworks",
					"@loader_path/Frameworks",
				);
				PRODUCT_BUNDLE_IDENTIFIER = show.gust.TestFrameworkTests;
				PRODUCT_NAME = "$(TARGET_NAME)";
				SWIFT_VERSION = 5.0;
				TARGETED_DEVICE_FAMILY = "1,2";
			};
			name = Release;
		};
		152F01582264DF6D0022AB9B /* Debug */ = {
			isa = XCBuildConfiguration;
			buildSettings = {
				ASSETCATALOG_COMPILER_APPICON_NAME = AppIcon;
				CODE_SIGN_STYLE = Automatic;
				DEVELOPMENT_TEAM = 9SNSJSP5Z2;
				INFOPLIST_FILE = "Test App/Info.plist";
				LD_RUNPATH_SEARCH_PATHS = (
					"$(inherited)",
					"@executable_path/Frameworks",
				);
				PRODUCT_BUNDLE_IDENTIFIER = "show.gust.Test-App";
				PRODUCT_NAME = "$(TARGET_NAME)";
				SWIFT_VERSION = 5.0;
				TARGETED_DEVICE_FAMILY = "1,2";
			};
			name = Debug;
		};
		152F01592264DF6D0022AB9B /* Release */ = {
			isa = XCBuildConfiguration;
			buildSettings = {
				ASSETCATALOG_COMPILER_APPICON_NAME = AppIcon;
				CODE_SIGN_STYLE = Automatic;
				DEVELOPMENT_TEAM = 9SNSJSP5Z2;
				INFOPLIST_FILE = "Test App/Info.plist";
				LD_RUNPATH_SEARCH_PATHS = (
					"$(inherited)",
					"@executable_path/Frameworks",
				);
				PRODUCT_BUNDLE_IDENTIFIER = "show.gust.Test-App";
				PRODUCT_NAME = "$(TARGET_NAME)";
				SWIFT_VERSION = 5.0;
				TARGETED_DEVICE_FAMILY = "1,2";
			};
			name = Release;
		};
		152F015B2264DF6D0022AB9B /* Debug */ = {
			isa = XCBuildConfiguration;
			buildSettings = {
				ALWAYS_EMBED_SWIFT_STANDARD_LIBRARIES = YES;
				BUNDLE_LOADER = "$(TEST_HOST)";
				CODE_SIGN_STYLE = Automatic;
				DEVELOPMENT_TEAM = 9SNSJSP5Z2;
				INFOPLIST_FILE = "Test AppTests/Info.plist";
				LD_RUNPATH_SEARCH_PATHS = (
					"$(inherited)",
					"@executable_path/Frameworks",
					"@loader_path/Frameworks",
				);
				PRODUCT_BUNDLE_IDENTIFIER = "show.gust.Test-AppTests";
				PRODUCT_NAME = "$(TARGET_NAME)";
				SWIFT_VERSION = 5.0;
				TARGETED_DEVICE_FAMILY = "1,2";
				TEST_HOST = "$(BUILT_PRODUCTS_DIR)/Test App.app/Test App";
			};
			name = Debug;
		};
		152F015C2264DF6D0022AB9B /* Release */ = {
			isa = XCBuildConfiguration;
			buildSettings = {
				ALWAYS_EMBED_SWIFT_STANDARD_LIBRARIES = YES;
				BUNDLE_LOADER = "$(TEST_HOST)";
				CODE_SIGN_STYLE = Automatic;
				DEVELOPMENT_TEAM = 9SNSJSP5Z2;
				INFOPLIST_FILE = "Test AppTests/Info.plist";
				LD_RUNPATH_SEARCH_PATHS = (
					"$(inherited)",
					"@executable_path/Frameworks",
					"@loader_path/Frameworks",
				);
				PRODUCT_BUNDLE_IDENTIFIER = "show.gust.Test-AppTests";
				PRODUCT_NAME = "$(TARGET_NAME)";
				SWIFT_VERSION = 5.0;
				TARGETED_DEVICE_FAMILY = "1,2";
				TEST_HOST = "$(BUILT_PRODUCTS_DIR)/Test App.app/Test App";
			};
			name = Release;
		};
/* End XCBuildConfiguration section */

/* Begin XCConfigurationList section */
		152F01192264DEB00022AB9B /* Build configuration list for PBXProject "TestFramework" */ = {
			isa = XCConfigurationList;
			buildConfigurations = (
				152F01312264DEB10022AB9B /* Debug */,
				152F01322264DEB10022AB9B /* Release */,
			);
			defaultConfigurationIsVisible = 0;
			defaultConfigurationName = Release;
		};
		152F01332264DEB10022AB9B /* Build configuration list for PBXNativeTarget "TestFramework" */ = {
			isa = XCConfigurationList;
			buildConfigurations = (
				152F01342264DEB10022AB9B /* Debug */,
				152F01352264DEB10022AB9B /* Release */,
			);
			defaultConfigurationIsVisible = 0;
			defaultConfigurationName = Release;
		};
		152F01362264DEB10022AB9B /* Build configuration list for PBXNativeTarget "TestFrameworkTests" */ = {
			isa = XCConfigurationList;
			buildConfigurations = (
				152F01372264DEB10022AB9B /* Debug */,
				152F01382264DEB10022AB9B /* Release */,
			);
			defaultConfigurationIsVisible = 0;
			defaultConfigurationName = Release;
		};
		152F01572264DF6D0022AB9B /* Build configuration list for PBXNativeTarget "Test App" */ = {
			isa = XCConfigurationList;
			buildConfigurations = (
				152F01582264DF6D0022AB9B /* Debug */,
				152F01592264DF6D0022AB9B /* Release */,
			);
			defaultConfigurationIsVisible = 0;
			defaultConfigurationName = Release;
		};
		152F015A2264DF6D0022AB9B /* Build configuration list for PBXNativeTarget "Test AppTests" */ = {
			isa = XCConfigurationList;
			buildConfigurations = (
				152F015B2264DF6D0022AB9B /* Debug */,
				152F015C2264DF6D0022AB9B /* Release */,
			);
			defaultConfigurationIsVisible = 0;
			defaultConfigurationName = Release;
		};
/* End XCConfigurationList section */
	};
	rootObject = 152F01162264DEB00022AB9B /* Project object */;
}
